
Microsoft Visual Studio Solution File, Format Version 12.00
# Visual Studio Version 17
VisualStudioVersion = 17.5.33424.131
MinimumVisualStudioVersion = 10.0.40219.1
Project("{FAE04EC0-301F-11D3-BF4B-00C04F79EFBC}") = "ejercicio", "ejercicio.csproj", "{7C99EDFE-928D-4E30-B085-A14A9B9ECECE}"
EndProject
Global
	GlobalSection(SolutionConfigurationPlatforms) = preSolution
		Debug|Any CPU = Debug|Any CPU
		Release|Any CPU = Release|Any CPU
	EndGlobalSection
	GlobalSection(ProjectConfigurationPlatforms) = postSolution
		{7C99EDFE-928D-4E30-B085-A14A9B9ECECE}.Debug|Any CPU.ActiveCfg = Debug|Any CPU
		{7C99EDFE-928D-4E30-B085-A14A9B9ECECE}.Debug|Any CPU.Build.0 = Debug|Any CPU
		{7C99EDFE-928D-4E30-B085-A14A9B9ECECE}.Release|Any CPU.ActiveCfg = Release|Any CPU
		{7C99EDFE-928D-4E30-B085-A14A9B9ECECE}.Release|Any CPU.Build.0 = Release|Any CPU
	EndGlobalSection
	GlobalSection(SolutionProperties) = preSolution
		HideSolutionNode = FALSE
	EndGlobalSection
	GlobalSection(ExtensibilityGlobals) = postSolution
		SolutionGuid = {564CCD70-4BD0-4614-91E2-1284AC45E8AF}
	EndGlobalSection
EndGlobal
